
Microsoft Visual Studio Solution File, Format Version 12.00
# Visual Studio Version 17
VisualStudioVersion = 17.3.32819.101
MinimumVisualStudioVersion = 10.0.40219.1
Project("{FAE04EC0-301F-11D3-BF4B-00C04F79EFBC}") = "WaveMusicTool", "WaveMusicTool\WaveMusicTool.csproj", "{2107D2AC-C57A-4098-BF24-4811B266CCAA}"
EndProject
Global
	GlobalSection(SolutionConfigurationPlatforms) = preSolution
		Debug|Any CPU = Debug|Any CPU
		Release|Any CPU = Release|Any CPU
	EndGlobalSection
	GlobalSection(ProjectConfigurationPlatforms) = postSolution
		{2107D2AC-C57A-4098-BF24-4811B266CCAA}.Debug|Any CPU.ActiveCfg = Debug|Any CPU
		{2107D2AC-C57A-4098-BF24-4811B266CCAA}.Debug|Any CPU.Build.0 = Debug|Any CPU
		{2107D2AC-C57A-4098-BF24-4811B266CCAA}.Release|Any CPU.ActiveCfg = Release|Any CPU
		{2107D2AC-C57A-4098-BF24-4811B266CCAA}.Release|Any CPU.Build.0 = Release|Any CPU
	EndGlobalSection
	GlobalSection(SolutionProperties) = preSolution
		HideSolutionNode = FALSE
	EndGlobalSection
	GlobalSection(ExtensibilityGlobals) = postSolution
		SolutionGuid = {92F3FC11-1B55-48A4-A9FC-7B990C4CAADA}
	EndGlobalSection
EndGlobal
